
Microsoft Visual Studio Solution File, Format Version 12.00
# Visual Studio 15
VisualStudioVersion = 15.0.28307.329
MinimumVisualStudioVersion = 10.0.40219.1
Project("{FAE04EC0-301F-11D3-BF4B-00C04F79EFBC}") = "contacto", "contacto\contacto.csproj", "{BA20C167-9B40-47BC-B3D8-50907CF8BB79}"
EndProject
Project("{FAE04EC0-301F-11D3-BF4B-00C04F79EFBC}") = "apiContact", "apiContact\apiContact.csproj", "{E5B89CAD-A3B5-4FDC-8D62-52D2D88A307C}"
EndProject
Project("{FAE04EC0-301F-11D3-BF4B-00C04F79EFBC}") = "appContacto.Android", "appContacto\appContacto.Android\appContacto.Android.csproj", "{F1FB2F1F-32BE-448F-9340-AD6067848F58}"
EndProject
Project("{FAE04EC0-301F-11D3-BF4B-00C04F79EFBC}") = "appContacto.iOS", "appContacto\appContacto.iOS\appContacto.iOS.csproj", "{31F98E19-F295-4EED-85A4-445ADB931999}"
EndProject
Project("{FAE04EC0-301F-11D3-BF4B-00C04F79EFBC}") = "appContacto", "appContacto\appContacto\appContacto.csproj", "{868EA198-CA2C-4F25-9F1E-F7A9E8BF9A66}"
EndProject
Global
	GlobalSection(SolutionConfigurationPlatforms) = preSolution
		Ad-Hoc|Any CPU = Ad-Hoc|Any CPU
		Ad-Hoc|iPhone = Ad-Hoc|iPhone
		Ad-Hoc|iPhoneSimulator = Ad-Hoc|iPhoneSimulator
		AppStore|Any CPU = AppStore|Any CPU
		AppStore|iPhone = AppStore|iPhone
		AppStore|iPhoneSimulator = AppStore|iPhoneSimulator
		Debug|Any CPU = Debug|Any CPU
		Debug|iPhone = Debug|iPhone
		Debug|iPhoneSimulator = Debug|iPhoneSimulator
		Release|Any CPU = Release|Any CPU
		Release|iPhone = Release|iPhone
		Release|iPhoneSimulator = Release|iPhoneSimulator
	EndGlobalSection
	GlobalSection(ProjectConfigurationPlatforms) = postSolution
		{BA20C167-9B40-47BC-B3D8-50907CF8BB79}.Ad-Hoc|Any CPU.ActiveCfg = Release|Any CPU
		{BA20C167-9B40-47BC-B3D8-50907CF8BB79}.Ad-Hoc|Any CPU.Build.0 = Release|Any CPU
		{BA20C167-9B40-47BC-B3D8-50907CF8BB79}.Ad-Hoc|iPhone.ActiveCfg = Release|Any CPU
		{BA20C167-9B40-47BC-B3D8-50907CF8BB79}.Ad-Hoc|iPhone.Build.0 = Release|Any CPU
		{BA20C167-9B40-47BC-B3D8-50907CF8BB79}.Ad-Hoc|iPhoneSimulator.ActiveCfg = Release|Any CPU
		{BA20C167-9B40-47BC-B3D8-50907CF8BB79}.Ad-Hoc|iPhoneSimulator.Build.0 = Release|Any CPU
		{BA20C167-9B40-47BC-B3D8-50907CF8BB79}.AppStore|Any CPU.ActiveCfg = Release|Any CPU
		{BA20C167-9B40-47BC-B3D8-50907CF8BB79}.AppStore|Any CPU.Build.0 = Release|Any CPU
		{BA20C167-9B40-47BC-B3D8-50907CF8BB79}.AppStore|iPhone.ActiveCfg = Release|Any CPU
		{BA20C167-9B40-47BC-B3D8-50907CF8BB79}.AppStore|iPhone.Build.0 = Release|Any CPU
		{BA20C167-9B40-47BC-B3D8-50907CF8BB79}.AppStore|iPhoneSimulator.ActiveCfg = Release|Any CPU
		{BA20C167-9B40-47BC-B3D8-50907CF8BB79}.AppStore|iPhoneSimulator.Build.0 = Release|Any CPU
		{BA20C167-9B40-47BC-B3D8-50907CF8BB79}.Debug|Any CPU.ActiveCfg = Debug|Any CPU
		{BA20C167-9B40-47BC-B3D8-50907CF8BB79}.Debug|Any CPU.Build.0 = Debug|Any CPU
		{BA20C167-9B40-47BC-B3D8-50907CF8BB79}.Debug|iPhone.ActiveCfg = Debug|Any CPU
		{BA20C167-9B40-47BC-B3D8-50907CF8BB79}.Debug|iPhone.Build.0 = Debug|Any CPU
		{BA20C167-9B40-47BC-B3D8-50907CF8BB79}.Debug|iPhoneSimulator.ActiveCfg = Debug|Any CPU
		{BA20C167-9B40-47BC-B3D8-50907CF8BB79}.Debug|iPhoneSimulator.Build.0 = Debug|Any CPU
		{BA20C167-9B40-47BC-B3D8-50907CF8BB79}.Release|Any CPU.ActiveCfg = Release|Any CPU
		{BA20C167-9B40-47BC-B3D8-50907CF8BB79}.Release|Any CPU.Build.0 = Release|Any CPU
		{BA20C167-9B40-47BC-B3D8-50907CF8BB79}.Release|iPhone.ActiveCfg = Release|Any CPU
		{BA20C167-9B40-47BC-B3D8-50907CF8BB79}.Release|iPhone.Build.0 = Release|Any CPU
		{BA20C167-9B40-47BC-B3D8-50907CF8BB79}.Release|iPhoneSimulator.ActiveCfg = Release|Any CPU
		{BA20C167-9B40-47BC-B3D8-50907CF8BB79}.Release|iPhoneSimulator.Build.0 = Release|Any CPU
		{E5B89CAD-A3B5-4FDC-8D62-52D2D88A307C}.Ad-Hoc|Any CPU.ActiveCfg = Release|Any CPU
		{E5B89CAD-A3B5-4FDC-8D62-52D2D88A307C}.Ad-Hoc|Any CPU.Build.0 = Release|Any CPU
		{E5B89CAD-A3B5-4FDC-8D62-52D2D88A307C}.Ad-Hoc|iPhone.ActiveCfg = Release|Any CPU
		{E5B89CAD-A3B5-4FDC-8D62-52D2D88A307C}.Ad-Hoc|iPhone.Build.0 = Release|Any CPU
		{E5B89CAD-A3B5-4FDC-8D62-52D2D88A307C}.Ad-Hoc|iPhoneSimulator.ActiveCfg = Release|Any CPU
		{E5B89CAD-A3B5-4FDC-8D62-52D2D88A307C}.Ad-Hoc|iPhoneSimulator.Build.0 = Release|Any CPU
		{E5B89CAD-A3B5-4FDC-8D62-52D2D88A307C}.AppStore|Any CPU.ActiveCfg = Release|Any CPU
		{E5B89CAD-A3B5-4FDC-8D62-52D2D88A307C}.AppStore|Any CPU.Build.0 = Release|Any CPU
		{E5B89CAD-A3B5-4FDC-8D62-52D2D88A307C}.AppStore|iPhone.ActiveCfg = Release|Any CPU
		{E5B89CAD-A3B5-4FDC-8D62-52D2D88A307C}.AppStore|iPhone.Build.0 = Release|Any CPU
		{E5B89CAD-A3B5-4FDC-8D62-52D2D88A307C}.AppStore|iPhoneSimulator.ActiveCfg = Release|Any CPU
		{E5B89CAD-A3B5-4FDC-8D62-52D2D88A307C}.AppStore|iPhoneSimulator.Build.0 = Release|Any CPU
		{E5B89CAD-A3B5-4FDC-8D62-52D2D88A307C}.Debug|Any CPU.ActiveCfg = Debug|Any CPU
		{E5B89CAD-A3B5-4FDC-8D62-52D2D88A307C}.Debug|Any CPU.Build.0 = Debug|Any CPU
		{E5B89CAD-A3B5-4FDC-8D62-52D2D88A307C}.Debug|iPhone.ActiveCfg = Debug|Any CPU
		{E5B89CAD-A3B5-4FDC-8D62-52D2D88A307C}.Debug|iPhone.Build.0 = Debug|Any CPU
		{E5B89CAD-A3B5-4FDC-8D62-52D2D88A307C}.Debug|iPhoneSimulator.ActiveCfg = Debug|Any CPU
		{E5B89CAD-A3B5-4FDC-8D62-52D2D88A307C}.Debug|iPhoneSimulator.Build.0 = Debug|Any CPU
		{E5B89CAD-A3B5-4FDC-8D62-52D2D88A307C}.Release|Any CPU.ActiveCfg = Release|Any CPU
		{E5B89CAD-A3B5-4FDC-8D62-52D2D88A307C}.Release|Any CPU.Build.0 = Release|Any CPU
		{E5B89CAD-A3B5-4FDC-8D62-52D2D88A307C}.Release|iPhone.ActiveCfg = Release|Any CPU
		{E5B89CAD-A3B5-4FDC-8D62-52D2D88A307C}.Release|iPhone.Build.0 = Release|Any CPU
		{E5B89CAD-A3B5-4FDC-8D62-52D2D88A307C}.Release|iPhoneSimulator.ActiveCfg = Release|Any CPU
		{E5B89CAD-A3B5-4FDC-8D62-52D2D88A307C}.Release|iPhoneSimulator.Build.0 = Release|Any CPU
		{F1FB2F1F-32BE-448F-9340-AD6067848F58}.Ad-Hoc|Any CPU.ActiveCfg = Release|Any CPU
		{F1FB2F1F-32BE-448F-9340-AD6067848F58}.Ad-Hoc|Any CPU.Build.0 = Release|Any CPU
		{F1FB2F1F-32BE-448F-9340-AD6067848F58}.Ad-Hoc|Any CPU.Deploy.0 = Release|Any CPU
		{F1FB2F1F-32BE-448F-9340-AD6067848F58}.Ad-Hoc|iPhone.ActiveCfg = Release|Any CPU
		{F1FB2F1F-32BE-448F-9340-AD6067848F58}.Ad-Hoc|iPhone.Build.0 = Release|Any CPU
		{F1FB2F1F-32BE-448F-9340-AD6067848F58}.Ad-Hoc|iPhone.Deploy.0 = Release|Any CPU
		{F1FB2F1F-32BE-448F-9340-AD6067848F58}.Ad-Hoc|iPhoneSimulator.ActiveCfg = Release|Any CPU
		{F1FB2F1F-32BE-448F-9340-AD6067848F58}.Ad-Hoc|iPhoneSimulator.Build.0 = Release|Any CPU
		{F1FB2F1F-32BE-448F-9340-AD6067848F58}.Ad-Hoc|iPhoneSimulator.Deploy.0 = Release|Any CPU
		{F1FB2F1F-32BE-448F-9340-AD6067848F58}.AppStore|Any CPU.ActiveCfg = Release|Any CPU
		{F1FB2F1F-32BE-448F-9340-AD6067848F58}.AppStore|Any CPU.Build.0 = Release|Any CPU
		{F1FB2F1F-32BE-448F-9340-AD6067848F58}.AppStore|Any CPU.Deploy.0 = Release|Any CPU
		{F1FB2F1F-32BE-448F-9340-AD6067848F58}.AppStore|iPhone.ActiveCfg = Release|Any CPU
		{F1FB2F1F-32BE-448F-9340-AD6067848F58}.AppStore|iPhone.Build.0 = Release|Any CPU
		{F1FB2F1F-32BE-448F-9340-AD6067848F58}.AppStore|iPhone.Deploy.0 = Release|Any CPU
		{F1FB2F1F-32BE-448F-9340-AD6067848F58}.AppStore|iPhoneSimulator.ActiveCfg = Release|Any CPU
		{F1FB2F1F-32BE-448F-9340-AD6067848F58}.AppStore|iPhoneSimulator.Build.0 = Release|Any CPU
		{F1FB2F1F-32BE-448F-9340-AD6067848F58}.AppStore|iPhoneSimulator.Deploy.0 = Release|Any CPU
		{F1FB2F1F-32BE-448F-9340-AD6067848F58}.Debug|Any CPU.ActiveCfg = Debug|Any CPU
		{F1FB2F1F-32BE-448F-9340-AD6067848F58}.Debug|Any CPU.Build.0 = Debug|Any CPU
		{F1FB2F1F-32BE-448F-9340-AD6067848F58}.Debug|Any CPU.Deploy.0 = Debug|Any CPU
		{F1FB2F1F-32BE-448F-9340-AD6067848F58}.Debug|iPhone.ActiveCfg = Debug|Any CPU
		{F1FB2F1F-32BE-448F-9340-AD6067848F58}.Debug|iPhone.Build.0 = Debug|Any CPU
		{F1FB2F1F-32BE-448F-9340-AD6067848F58}.Debug|iPhone.Deploy.0 = Debug|Any CPU
		{F1FB2F1F-32BE-448F-9340-AD6067848F58}.Debug|iPhoneSimulator.ActiveCfg = Debug|Any CPU
		{F1FB2F1F-32BE-448F-9340-AD6067848F58}.Debug|iPhoneSimulator.Build.0 = Debug|Any CPU
		{F1FB2F1F-32BE-448F-9340-AD6067848F58}.Debug|iPhoneSimulator.Deploy.0 = Debug|Any CPU
		{F1FB2F1F-32BE-448F-9340-AD6067848F58}.Release|Any CPU.ActiveCfg = Release|Any CPU
		{F1FB2F1F-32BE-448F-9340-AD6067848F58}.Release|Any CPU.Build.0 = Release|Any CPU
		{F1FB2F1F-32BE-448F-9340-AD6067848F58}.Release|Any CPU.Deploy.0 = Release|Any CPU
		{F1FB2F1F-32BE-448F-9340-AD6067848F58}.Release|iPhone.ActiveCfg = Release|Any CPU
		{F1FB2F1F-32BE-448F-9340-AD6067848F58}.Release|iPhone.Build.0 = Release|Any CPU
		{F1FB2F1F-32BE-448F-9340-AD6067848F58}.Release|iPhone.Deploy.0 = Release|Any CPU
		{F1FB2F1F-32BE-448F-9340-AD6067848F58}.Release|iPhoneSimulator.ActiveCfg = Release|Any CPU
		{F1FB2F1F-32BE-448F-9340-AD6067848F58}.Release|iPhoneSimulator.Build.0 = Release|Any CPU
		{F1FB2F1F-32BE-448F-9340-AD6067848F58}.Release|iPhoneSimulator.Deploy.0 = Release|Any CPU
		{31F98E19-F295-4EED-85A4-445ADB931999}.Ad-Hoc|Any CPU.ActiveCfg = Ad-Hoc|iPhone
		{31F98E19-F295-4EED-85A4-445ADB931999}.Ad-Hoc|iPhone.ActiveCfg = Ad-Hoc|iPhone
		{31F98E19-F295-4EED-85A4-445ADB931999}.Ad-Hoc|iPhone.Build.0 = Ad-Hoc|iPhone
		{31F98E19-F295-4EED-85A4-445ADB931999}.Ad-Hoc|iPhoneSimulator.ActiveCfg = Ad-Hoc|iPhoneSimulator
		{31F98E19-F295-4EED-85A4-445ADB931999}.Ad-Hoc|iPhoneSimulator.Build.0 = Ad-Hoc|iPhoneSimulator
		{31F98E19-F295-4EED-85A4-445ADB931999}.AppStore|Any CPU.ActiveCfg = AppStore|iPhone
		{31F98E19-F295-4EED-85A4-445ADB931999}.AppStore|iPhone.ActiveCfg = AppStore|iPhone
		{31F98E19-F295-4EED-85A4-445ADB931999}.AppStore|iPhone.Build.0 = AppStore|iPhone
		{31F98E19-F295-4EED-85A4-445ADB931999}.AppStore|iPhoneSimulator.ActiveCfg = AppStore|iPhoneSimulator
		{31F98E19-F295-4EED-85A4-445ADB931999}.AppStore|iPhoneSimulator.Build.0 = AppStore|iPhoneSimulator
		{31F98E19-F295-4EED-85A4-445ADB931999}.Debug|Any CPU.ActiveCfg = Debug|iPhone
		{31F98E19-F295-4EED-85A4-445ADB931999}.Debug|iPhone.ActiveCfg = Debug|iPhone
		{31F98E19-F295-4EED-85A4-445ADB931999}.Debug|iPhone.Build.0 = Debug|iPhone
		{31F98E19-F295-4EED-85A4-445ADB931999}.Debug|iPhoneSimulator.ActiveCfg = Debug|iPhoneSimulator
		{31F98E19-F295-4EED-85A4-445ADB931999}.Debug|iPhoneSimulator.Build.0 = Debug|iPhoneSimulator
		{31F98E19-F295-4EED-85A4-445ADB931999}.Release|Any CPU.ActiveCfg = Release|iPhone
		{31F98E19-F295-4EED-85A4-445ADB931999}.Release|iPhone.ActiveCfg = Release|iPhone
		{31F98E19-F295-4EED-85A4-445ADB931999}.Release|iPhone.Build.0 = Release|iPhone
		{31F98E19-F295-4EED-85A4-445ADB931999}.Release|iPhoneSimulator.ActiveCfg = Release|iPhoneSimulator
		{31F98E19-F295-4EED-85A4-445ADB931999}.Release|iPhoneSimulator.Build.0 = Release|iPhoneSimulator
		{868EA198-CA2C-4F25-9F1E-F7A9E8BF9A66}.Ad-Hoc|Any CPU.ActiveCfg = Debug|Any CPU
		{868EA198-CA2C-4F25-9F1E-F7A9E8BF9A66}.Ad-Hoc|Any CPU.Build.0 = Debug|Any CPU
		{868EA198-CA2C-4F25-9F1E-F7A9E8BF9A66}.Ad-Hoc|iPhone.ActiveCfg = Debug|Any CPU
		{868EA198-CA2C-4F25-9F1E-F7A9E8BF9A66}.Ad-Hoc|iPhone.Build.0 = Debug|Any CPU
		{868EA198-CA2C-4F25-9F1E-F7A9E8BF9A66}.Ad-Hoc|iPhoneSimulator.ActiveCfg = Debug|Any CPU
		{868EA198-CA2C-4F25-9F1E-F7A9E8BF9A66}.Ad-Hoc|iPhoneSimulator.Build.0 = Debug|Any CPU
		{868EA198-CA2C-4F25-9F1E-F7A9E8BF9A66}.AppStore|Any CPU.ActiveCfg = Debug|Any CPU
		{868EA198-CA2C-4F25-9F1E-F7A9E8BF9A66}.AppStore|Any CPU.Build.0 = Debug|Any CPU
		{868EA198-CA2C-4F25-9F1E-F7A9E8BF9A66}.AppStore|iPhone.ActiveCfg = Debug|Any CPU
		{868EA198-CA2C-4F25-9F1E-F7A9E8BF9A66}.AppStore|iPhone.Build.0 = Debug|Any CPU
		{868EA198-CA2C-4F25-9F1E-F7A9E8BF9A66}.AppStore|iPhoneSimulator.ActiveCfg = Debug|Any CPU
		{868EA198-CA2C-4F25-9F1E-F7A9E8BF9A66}.AppStore|iPhoneSimulator.Build.0 = Debug|Any CPU
		{868EA198-CA2C-4F25-9F1E-F7A9E8BF9A66}.Debug|Any CPU.ActiveCfg = Debug|Any CPU
		{868EA198-CA2C-4F25-9F1E-F7A9E8BF9A66}.Debug|Any CPU.Build.0 = Debug|Any CPU
		{868EA198-CA2C-4F25-9F1E-F7A9E8BF9A66}.Debug|iPhone.ActiveCfg = Debug|Any CPU
		{868EA198-CA2C-4F25-9F1E-F7A9E8BF9A66}.Debug|iPhone.Build.0 = Debug|Any CPU
		{868EA198-CA2C-4F25-9F1E-F7A9E8BF9A66}.Debug|iPhoneSimulator.ActiveCfg = Debug|Any CPU
		{868EA198-CA2C-4F25-9F1E-F7A9E8BF9A66}.Debug|iPhoneSimulator.Build.0 = Debug|Any CPU
		{868EA198-CA2C-4F25-9F1E-F7A9E8BF9A66}.Release|Any CPU.ActiveCfg = Release|Any CPU
		{868EA198-CA2C-4F25-9F1E-F7A9E8BF9A66}.Release|Any CPU.Build.0 = Release|Any CPU
		{868EA198-CA2C-4F25-9F1E-F7A9E8BF9A66}.Release|iPhone.ActiveCfg = Release|Any CPU
		{868EA198-CA2C-4F25-9F1E-F7A9E8BF9A66}.Release|iPhone.Build.0 = Release|Any CPU
		{868EA198-CA2C-4F25-9F1E-F7A9E8BF9A66}.Release|iPhoneSimulator.ActiveCfg = Release|Any CPU
		{868EA198-CA2C-4F25-9F1E-F7A9E8BF9A66}.Release|iPhoneSimulator.Build.0 = Release|Any CPU
	EndGlobalSection
	GlobalSection(SolutionProperties) = preSolution
		HideSolutionNode = FALSE
	EndGlobalSection
	GlobalSection(ExtensibilityGlobals) = postSolution
		SolutionGuid = {C1912565-2633-4620-A7D1-EDC1B0BFDAE2}
	EndGlobalSection
EndGlobal
